<!DOCTYPE html>
<html lang="en">
<head>
    <meta charset="UTF-8">
    <meta name="viewport" content="width=device-width, initial-scale=1.0">
    <title>In các số</title>
    <style>
        /* Định dạng cho giao diện */
        body {
            font-family: Arial, sans-serif;
            text-align: center;
            margin: 50px;
        }
        #output {
            font-size: 18px;
            margin-top: 20px;
        }
    </style>
</head>
<body>
    <h1>In các số từ 1 tới giá trị:</h1>   
    <input type="number" id="inputValue">
    <button onclick="printNumbers()">In Số</button>   
    <div id="output"></div>
    <script>
        function printNumbers() {
        
            var inputValue = document.getElementById("inputValue").value;
            var output = document.getElementById("output");
            output.innerHTML = ""; // Xóa nội dung cũ

           
            if (inputValue < 1 || inputValue > 1000) {
                output.innerHTML = "Vui lòng nhập một giá trị hợp lệ (từ 1 đến 1000)";
                return;
            }

           
            for (var i = 1; i <= inputValue; i++) {
                output.innerHTML += i + " ";
            }
        }
    </script>
</body>
</html>
